
Microsoft Visual Studio Solution File, Format Version 12.00
# Visual Studio Version 17
VisualStudioVersion = 17.5.33502.453
MinimumVisualStudioVersion = 10.0.40219.1
Project("{9A19103F-16F7-4668-BE54-9A1E7A4F7556}") = "MyGymWeb", "MyGymWeb\MyGymWeb.csproj", "{9237964C-1D46-420A-83DE-93178013018C}"
EndProject
Project("{2150E333-8FDC-42A3-9474-1A3956D46DE8}") = "Data", "Data", "{6A5CD5C6-403F-404D-8C3D-3DDF635F7978}"
EndProject
Project("{9A19103F-16F7-4668-BE54-9A1E7A4F7556}") = "MyGymWeb.Data", "MyGymProject.Data\MyGymWeb.Data.csproj", "{B12D48B9-0813-4ECB-9018-D37CA5719720}"
EndProject
Project("{2150E333-8FDC-42A3-9474-1A3956D46DE8}") = "Web", "Web", "{D594E0ED-A64A-4AB3-B6A4-960E034F3A6B}"
EndProject
Project("{9A19103F-16F7-4668-BE54-9A1E7A4F7556}") = "MyGymWeb.Models", "MyGymWeb.Models\MyGymWeb.Models.csproj", "{945B0B29-9AB6-493B-A15D-0B88BE2D1454}"
EndProject
Project("{9A19103F-16F7-4668-BE54-9A1E7A4F7556}") = "MyGymWeb.Common", "MyGymWeb.Common\MyGymWeb.Common.csproj", "{E09BBFF4-DC82-4A1D-B310-C9E1F1D438B1}"
EndProject
Project("{9A19103F-16F7-4668-BE54-9A1E7A4F7556}") = "MyGymWeb.Data.Models", "MyGymWeb.Data.Models\MyGymWeb.Data.Models.csproj", "{E9300F43-5027-47AD-9194-0B6838B140A6}"
EndProject
Project("{2150E333-8FDC-42A3-9474-1A3956D46DE8}") = "Services", "Services", "{E16BFD74-81D2-4CDF-BCFB-4F87B089AE85}"
EndProject
Project("{9A19103F-16F7-4668-BE54-9A1E7A4F7556}") = "MyGymWeb.Services", "MyGymWeb.Services\MyGymWeb.Services.csproj", "{63304BA1-A531-4F34-A6A7-8B703000916F}"
EndProject
Project("{FAE04EC0-301F-11D3-BF4B-00C04F79EFBC}") = "MyGymWeb.Infrastructure", "MyGymWeb.Infrastructure\MyGymWeb.Infrastructure.csproj", "{3B05122F-5487-4DD5-9553-5013CC643105}"
EndProject
Global
	GlobalSection(SolutionConfigurationPlatforms) = preSolution
		Debug|Any CPU = Debug|Any CPU
		Release|Any CPU = Release|Any CPU
	EndGlobalSection
	GlobalSection(ProjectConfigurationPlatforms) = postSolution
		{9237964C-1D46-420A-83DE-93178013018C}.Debug|Any CPU.ActiveCfg = Debug|Any CPU
		{9237964C-1D46-420A-83DE-93178013018C}.Debug|Any CPU.Build.0 = Debug|Any CPU
		{9237964C-1D46-420A-83DE-93178013018C}.Release|Any CPU.ActiveCfg = Release|Any CPU
		{9237964C-1D46-420A-83DE-93178013018C}.Release|Any CPU.Build.0 = Release|Any CPU
		{B12D48B9-0813-4ECB-9018-D37CA5719720}.Debug|Any CPU.ActiveCfg = Debug|Any CPU
		{B12D48B9-0813-4ECB-9018-D37CA5719720}.Debug|Any CPU.Build.0 = Debug|Any CPU
		{B12D48B9-0813-4ECB-9018-D37CA5719720}.Release|Any CPU.ActiveCfg = Release|Any CPU
		{B12D48B9-0813-4ECB-9018-D37CA5719720}.Release|Any CPU.Build.0 = Release|Any CPU
		{945B0B29-9AB6-493B-A15D-0B88BE2D1454}.Debug|Any CPU.ActiveCfg = Debug|Any CPU
		{945B0B29-9AB6-493B-A15D-0B88BE2D1454}.Debug|Any CPU.Build.0 = Debug|Any CPU
		{945B0B29-9AB6-493B-A15D-0B88BE2D1454}.Release|Any CPU.ActiveCfg = Release|Any CPU
		{945B0B29-9AB6-493B-A15D-0B88BE2D1454}.Release|Any CPU.Build.0 = Release|Any CPU
		{E09BBFF4-DC82-4A1D-B310-C9E1F1D438B1}.Debug|Any CPU.ActiveCfg = Debug|Any CPU
		{E09BBFF4-DC82-4A1D-B310-C9E1F1D438B1}.Debug|Any CPU.Build.0 = Debug|Any CPU
		{E09BBFF4-DC82-4A1D-B310-C9E1F1D438B1}.Release|Any CPU.ActiveCfg = Release|Any CPU
		{E09BBFF4-DC82-4A1D-B310-C9E1F1D438B1}.Release|Any CPU.Build.0 = Release|Any CPU
		{E9300F43-5027-47AD-9194-0B6838B140A6}.Debug|Any CPU.ActiveCfg = Debug|Any CPU
		{E9300F43-5027-47AD-9194-0B6838B140A6}.Debug|Any CPU.Build.0 = Debug|Any CPU
		{E9300F43-5027-47AD-9194-0B6838B140A6}.Release|Any CPU.ActiveCfg = Release|Any CPU
		{E9300F43-5027-47AD-9194-0B6838B140A6}.Release|Any CPU.Build.0 = Release|Any CPU
		{63304BA1-A531-4F34-A6A7-8B703000916F}.Debug|Any CPU.ActiveCfg = Debug|Any CPU
		{63304BA1-A531-4F34-A6A7-8B703000916F}.Debug|Any CPU.Build.0 = Debug|Any CPU
		{63304BA1-A531-4F34-A6A7-8B703000916F}.Release|Any CPU.ActiveCfg = Release|Any CPU
		{63304BA1-A531-4F34-A6A7-8B703000916F}.Release|Any CPU.Build.0 = Release|Any CPU
		{3B05122F-5487-4DD5-9553-5013CC643105}.Debug|Any CPU.ActiveCfg = Debug|Any CPU
		{3B05122F-5487-4DD5-9553-5013CC643105}.Debug|Any CPU.Build.0 = Debug|Any CPU
		{3B05122F-5487-4DD5-9553-5013CC643105}.Release|Any CPU.ActiveCfg = Release|Any CPU
		{3B05122F-5487-4DD5-9553-5013CC643105}.Release|Any CPU.Build.0 = Release|Any CPU
	EndGlobalSection
	GlobalSection(SolutionProperties) = preSolution
		HideSolutionNode = FALSE
	EndGlobalSection
	GlobalSection(NestedProjects) = preSolution
		{9237964C-1D46-420A-83DE-93178013018C} = {D594E0ED-A64A-4AB3-B6A4-960E034F3A6B}
		{B12D48B9-0813-4ECB-9018-D37CA5719720} = {6A5CD5C6-403F-404D-8C3D-3DDF635F7978}
		{945B0B29-9AB6-493B-A15D-0B88BE2D1454} = {D594E0ED-A64A-4AB3-B6A4-960E034F3A6B}
		{E9300F43-5027-47AD-9194-0B6838B140A6} = {6A5CD5C6-403F-404D-8C3D-3DDF635F7978}
		{63304BA1-A531-4F34-A6A7-8B703000916F} = {E16BFD74-81D2-4CDF-BCFB-4F87B089AE85}
	EndGlobalSection
	GlobalSection(ExtensibilityGlobals) = postSolution
		SolutionGuid = {62E2A91A-BACD-47B3-8E49-069A09F51B6F}
	EndGlobalSection
EndGlobal
